
Microsoft Visual Studio Solution File, Format Version 12.00
# Visual Studio Version 17
VisualStudioVersion = 17.1.32414.318
MinimumVisualStudioVersion = 10.0.40219.1
Project("{FAE04EC0-301F-11D3-BF4B-00C04F79EFBC}") = "Core", "Core\Core.csproj", "{76FC8DDC-3ACC-4F36-B80B-78B8C49C75A9}"
EndProject
Project("{FAE04EC0-301F-11D3-BF4B-00C04F79EFBC}") = "Application", "Application\Application.csproj", "{F9626052-573A-4318-A0C7-121E6270DB66}"
EndProject
Project("{FAE04EC0-301F-11D3-BF4B-00C04F79EFBC}") = "Infraestructure", "Infraestructure\Infraestructure.csproj", "{61B20D58-CF32-4B13-8E11-9424F57F90EF}"
EndProject
Project("{FAE04EC0-301F-11D3-BF4B-00C04F79EFBC}") = "ClinicaCrecerApi", "ClinicaCrecerApi\ClinicaCrecerApi.csproj", "{3872781B-09DC-4B35-8052-10AE69AEFDC3}"
EndProject
Global
	GlobalSection(SolutionConfigurationPlatforms) = preSolution
		Debug|Any CPU = Debug|Any CPU
		Release|Any CPU = Release|Any CPU
	EndGlobalSection
	GlobalSection(ProjectConfigurationPlatforms) = postSolution
		{76FC8DDC-3ACC-4F36-B80B-78B8C49C75A9}.Debug|Any CPU.ActiveCfg = Debug|Any CPU
		{76FC8DDC-3ACC-4F36-B80B-78B8C49C75A9}.Debug|Any CPU.Build.0 = Debug|Any CPU
		{76FC8DDC-3ACC-4F36-B80B-78B8C49C75A9}.Release|Any CPU.ActiveCfg = Release|Any CPU
		{76FC8DDC-3ACC-4F36-B80B-78B8C49C75A9}.Release|Any CPU.Build.0 = Release|Any CPU
		{F9626052-573A-4318-A0C7-121E6270DB66}.Debug|Any CPU.ActiveCfg = Debug|Any CPU
		{F9626052-573A-4318-A0C7-121E6270DB66}.Debug|Any CPU.Build.0 = Debug|Any CPU
		{F9626052-573A-4318-A0C7-121E6270DB66}.Release|Any CPU.ActiveCfg = Release|Any CPU
		{F9626052-573A-4318-A0C7-121E6270DB66}.Release|Any CPU.Build.0 = Release|Any CPU
		{61B20D58-CF32-4B13-8E11-9424F57F90EF}.Debug|Any CPU.ActiveCfg = Debug|Any CPU
		{61B20D58-CF32-4B13-8E11-9424F57F90EF}.Debug|Any CPU.Build.0 = Debug|Any CPU
		{61B20D58-CF32-4B13-8E11-9424F57F90EF}.Release|Any CPU.ActiveCfg = Release|Any CPU
		{61B20D58-CF32-4B13-8E11-9424F57F90EF}.Release|Any CPU.Build.0 = Release|Any CPU
		{3872781B-09DC-4B35-8052-10AE69AEFDC3}.Debug|Any CPU.ActiveCfg = Debug|Any CPU
		{3872781B-09DC-4B35-8052-10AE69AEFDC3}.Debug|Any CPU.Build.0 = Debug|Any CPU
		{3872781B-09DC-4B35-8052-10AE69AEFDC3}.Release|Any CPU.ActiveCfg = Release|Any CPU
		{3872781B-09DC-4B35-8052-10AE69AEFDC3}.Release|Any CPU.Build.0 = Release|Any CPU
	EndGlobalSection
	GlobalSection(SolutionProperties) = preSolution
		HideSolutionNode = FALSE
	EndGlobalSection
	GlobalSection(ExtensibilityGlobals) = postSolution
		SolutionGuid = {9EB19EB9-503B-4C7C-B87F-B0339110332D}
	EndGlobalSection
EndGlobal
